
Microsoft Visual Studio Solution File, Format Version 12.00
# Visual Studio Version 17
VisualStudioVersion = 17.14.36301.6
MinimumVisualStudioVersion = 10.0.40219.1
Project("{FAE04EC0-301F-11D3-BF4B-00C04F79EFBC}") = "Aula01", "Aula01\Aula01.csproj", "{47508EFD-4978-40E3-B4F9-09BB87447125}"
EndProject
Project("{FAE04EC0-301F-11D3-BF4B-00C04F79EFBC}") = "Aula02", "Aula02\Aula02.csproj", "{0087AA5B-CE64-4E78-B3E1-8BCC67639470}"
EndProject
Global
	GlobalSection(SolutionConfigurationPlatforms) = preSolution
		Debug|Any CPU = Debug|Any CPU
		Release|Any CPU = Release|Any CPU
	EndGlobalSection
	GlobalSection(ProjectConfigurationPlatforms) = postSolution
		{47508EFD-4978-40E3-B4F9-09BB87447125}.Debug|Any CPU.ActiveCfg = Debug|Any CPU
		{47508EFD-4978-40E3-B4F9-09BB87447125}.Debug|Any CPU.Build.0 = Debug|Any CPU
		{47508EFD-4978-40E3-B4F9-09BB87447125}.Release|Any CPU.ActiveCfg = Release|Any CPU
		{47508EFD-4978-40E3-B4F9-09BB87447125}.Release|Any CPU.Build.0 = Release|Any CPU
		{0087AA5B-CE64-4E78-B3E1-8BCC67639470}.Debug|Any CPU.ActiveCfg = Debug|Any CPU
		{0087AA5B-CE64-4E78-B3E1-8BCC67639470}.Debug|Any CPU.Build.0 = Debug|Any CPU
		{0087AA5B-CE64-4E78-B3E1-8BCC67639470}.Release|Any CPU.ActiveCfg = Release|Any CPU
		{0087AA5B-CE64-4E78-B3E1-8BCC67639470}.Release|Any CPU.Build.0 = Release|Any CPU
	EndGlobalSection
	GlobalSection(SolutionProperties) = preSolution
		HideSolutionNode = FALSE
	EndGlobalSection
	GlobalSection(ExtensibilityGlobals) = postSolution
		SolutionGuid = {372DB536-42F8-4F83-8CD8-BBFA65B8DDB0}
	EndGlobalSection
EndGlobal
